
Microsoft Visual Studio Solution File, Format Version 12.00
# Visual Studio Version 17
VisualStudioVersion = 17.14.36221.1
MinimumVisualStudioVersion = 10.0.40219.1
Project("{888888A0-9F3D-457C-B088-3A5042F75D52}") = "yce_web_stack", "yce_web_stack.pyproj", "{162ADCBB-07C3-4616-B9C7-AA5BB47F8412}"
EndProject
Project("{8BC9CEB8-8B4A-11D0-8D11-00A0C91BC942}") = "yce_bin", "..\yce_bin\yce_bin.vcxproj", "{DB88C404-67EB-4837-AE82-28AD66F2D82A}"
EndProject
Global
	GlobalSection(SolutionConfigurationPlatforms) = preSolution
		Debug|Any CPU = Debug|Any CPU
		Debug|x64 = Debug|x64
		Debug|x86 = Debug|x86
		Release|Any CPU = Release|Any CPU
		Release|x64 = Release|x64
		Release|x86 = Release|x86
	EndGlobalSection
	GlobalSection(ProjectConfigurationPlatforms) = postSolution
		{162ADCBB-07C3-4616-B9C7-AA5BB47F8412}.Debug|Any CPU.ActiveCfg = Debug|Any CPU
		{162ADCBB-07C3-4616-B9C7-AA5BB47F8412}.Debug|x64.ActiveCfg = Debug|Any CPU
		{162ADCBB-07C3-4616-B9C7-AA5BB47F8412}.Debug|x86.ActiveCfg = Debug|Any CPU
		{162ADCBB-07C3-4616-B9C7-AA5BB47F8412}.Release|Any CPU.ActiveCfg = Release|Any CPU
		{162ADCBB-07C3-4616-B9C7-AA5BB47F8412}.Release|x64.ActiveCfg = Release|Any CPU
		{162ADCBB-07C3-4616-B9C7-AA5BB47F8412}.Release|x86.ActiveCfg = Release|Any CPU
		{DB88C404-67EB-4837-AE82-28AD66F2D82A}.Debug|Any CPU.ActiveCfg = Debug|x64
		{DB88C404-67EB-4837-AE82-28AD66F2D82A}.Debug|Any CPU.Build.0 = Debug|x64
		{DB88C404-67EB-4837-AE82-28AD66F2D82A}.Debug|x64.ActiveCfg = Debug|x64
		{DB88C404-67EB-4837-AE82-28AD66F2D82A}.Debug|x64.Build.0 = Debug|x64
		{DB88C404-67EB-4837-AE82-28AD66F2D82A}.Debug|x86.ActiveCfg = Debug|Win32
		{DB88C404-67EB-4837-AE82-28AD66F2D82A}.Debug|x86.Build.0 = Debug|Win32
		{DB88C404-67EB-4837-AE82-28AD66F2D82A}.Release|Any CPU.ActiveCfg = Release|x64
		{DB88C404-67EB-4837-AE82-28AD66F2D82A}.Release|Any CPU.Build.0 = Release|x64
		{DB88C404-67EB-4837-AE82-28AD66F2D82A}.Release|x64.ActiveCfg = Release|x64
		{DB88C404-67EB-4837-AE82-28AD66F2D82A}.Release|x64.Build.0 = Release|x64
		{DB88C404-67EB-4837-AE82-28AD66F2D82A}.Release|x86.ActiveCfg = Release|Win32
		{DB88C404-67EB-4837-AE82-28AD66F2D82A}.Release|x86.Build.0 = Release|Win32
	EndGlobalSection
	GlobalSection(SolutionProperties) = preSolution
		HideSolutionNode = FALSE
	EndGlobalSection
	GlobalSection(ExtensibilityGlobals) = postSolution
		SolutionGuid = {A8523D7C-5411-48D8-B3A5-A5166EA13755}
	EndGlobalSection
EndGlobal
