
Microsoft Visual Studio Solution File, Format Version 12.00
# Visual Studio Version 17
VisualStudioVersion = 17.14.36221.1 d17.14
MinimumVisualStudioVersion = 10.0.40219.1
Project("{888888A0-9F3D-457C-B088-3A5042F75D52}") = "yce_web_stack", "yce_web_stack.pyproj", "{162ADCBB-07C3-4616-B9C7-AA5BB47F8412}"
EndProject
Global
	GlobalSection(SolutionConfigurationPlatforms) = preSolution
		Debug|Any CPU = Debug|Any CPU
		Release|Any CPU = Release|Any CPU
	EndGlobalSection
	GlobalSection(ProjectConfigurationPlatforms) = postSolution
		{162ADCBB-07C3-4616-B9C7-AA5BB47F8412}.Debug|Any CPU.ActiveCfg = Debug|Any CPU
		{162ADCBB-07C3-4616-B9C7-AA5BB47F8412}.Release|Any CPU.ActiveCfg = Release|Any CPU
	EndGlobalSection
	GlobalSection(SolutionProperties) = preSolution
		HideSolutionNode = FALSE
	EndGlobalSection
	GlobalSection(ExtensibilityGlobals) = postSolution
		SolutionGuid = {A8523D7C-5411-48D8-B3A5-A5166EA13755}
	EndGlobalSection
EndGlobal
